
Microsoft Visual Studio Solution File, Format Version 12.00
# Visual Studio Version 17
VisualStudioVersion = 17.4.33213.308
MinimumVisualStudioVersion = 10.0.40219.1
Project("{9A19103F-16F7-4668-BE54-9A1E7A4F7556}") = "Richy_WPF_MVVM", "Richy_WPF_MVVM\Richy_WPF_MVVM.csproj", "{9DF7FFD1-29FD-493A-9834-EAD75BD8B26A}"
EndProject
Project("{9A19103F-16F7-4668-BE54-9A1E7A4F7556}") = "MAVIS_Source_Generators", "MAVIS_Source_Generators\MAVIS_Source_Generators.csproj", "{CBEFF575-BA31-47F4-8084-E936DD89FA52}"
EndProject
Project("{9A19103F-16F7-4668-BE54-9A1E7A4F7556}") = "SourceGeneratorTests", "SourceGeneratorTests\SourceGeneratorTests\SourceGeneratorTests.csproj", "{ABD866CB-3CB4-4A5F-9716-166CED6778B6}"
EndProject
Global
	GlobalSection(SolutionConfigurationPlatforms) = preSolution
		Debug|Any CPU = Debug|Any CPU
		Release|Any CPU = Release|Any CPU
	EndGlobalSection
	GlobalSection(ProjectConfigurationPlatforms) = postSolution
		{9DF7FFD1-29FD-493A-9834-EAD75BD8B26A}.Debug|Any CPU.ActiveCfg = Debug|Any CPU
		{9DF7FFD1-29FD-493A-9834-EAD75BD8B26A}.Debug|Any CPU.Build.0 = Debug|Any CPU
		{9DF7FFD1-29FD-493A-9834-EAD75BD8B26A}.Release|Any CPU.ActiveCfg = Release|Any CPU
		{9DF7FFD1-29FD-493A-9834-EAD75BD8B26A}.Release|Any CPU.Build.0 = Release|Any CPU
		{CBEFF575-BA31-47F4-8084-E936DD89FA52}.Debug|Any CPU.ActiveCfg = Debug|Any CPU
		{CBEFF575-BA31-47F4-8084-E936DD89FA52}.Debug|Any CPU.Build.0 = Debug|Any CPU
		{CBEFF575-BA31-47F4-8084-E936DD89FA52}.Release|Any CPU.ActiveCfg = Release|Any CPU
		{CBEFF575-BA31-47F4-8084-E936DD89FA52}.Release|Any CPU.Build.0 = Release|Any CPU
		{ABD866CB-3CB4-4A5F-9716-166CED6778B6}.Debug|Any CPU.ActiveCfg = Debug|Any CPU
		{ABD866CB-3CB4-4A5F-9716-166CED6778B6}.Debug|Any CPU.Build.0 = Debug|Any CPU
		{ABD866CB-3CB4-4A5F-9716-166CED6778B6}.Release|Any CPU.ActiveCfg = Release|Any CPU
		{ABD866CB-3CB4-4A5F-9716-166CED6778B6}.Release|Any CPU.Build.0 = Release|Any CPU
	EndGlobalSection
	GlobalSection(SolutionProperties) = preSolution
		HideSolutionNode = FALSE
	EndGlobalSection
	GlobalSection(ExtensibilityGlobals) = postSolution
		SolutionGuid = {62BA6A6B-33FB-45E4-B8FF-75EB3BAEABE9}
	EndGlobalSection
EndGlobal
